{
  "name": "component.request.secure",
  "version": "1.0.0",
  "lockfileVersion": 1,
  "requires": true,
  "dependencies": {
    "component.request": {
      "version": "git+https://github.com/marchuanv/component.request.git#ce813ccc7b169176782ade157c2608a5d0843e64",
      "from": "git+https://github.com/marchuanv/component.request.git",
      "requires": {
        "logging": "git+https://github.com/marchuanv/logging.git"
      }
    },
    "component.request.deferred": {
      "version": "git+https://github.com/marchuanv/component.request.deferred.git#748539b7871215c4ff066f4b0b83dfff4a99192b",
      "from": "git+https://github.com/marchuanv/component.request.deferred.git",
      "requires": {
        "component.request": "git+https://github.com/marchuanv/component.request.git",
        "logging": "git+https://github.com/marchuanv/logging.git",
        "utils": "git+https://github.com/marchuanv/utils.git"
      }
    },
    "logging": {
      "version": "git+https://github.com/marchuanv/logging.git#2fce9de679feeff61828191f82d1ad4cf77e7ad9",
      "from": "git+https://github.com/marchuanv/logging.git",
      "requires": {
        "utils": "git+https://github.com/marchuanv/utils.git"
      }
    },
    "utils": {
      "version": "git+https://github.com/marchuanv/utils.git#6ea14ae995e6d26ae1a07ecb3a299596c6935812",
      "from": "git+https://github.com/marchuanv/utils.git"
    }
  }
}
