{
  "name": "component.request.unsecure",
  "version": "1.0.0",
  "lockfileVersion": 1,
  "requires": true,
  "dependencies": {
    "component.request": {
      "version": "git+https://github.com/marchuanv/component.request.git#ea7b4f4e087258c6ae1710f0c025625dd4b54d9a",
      "from": "git+https://github.com/marchuanv/component.request.git",
      "requires": {
        "logging": "git+https://github.com/marchuanv/logging.git"
      }
    },
    "component.request.deferred": {
      "version": "git+https://github.com/marchuanv/component.request.deferred.git#9a868807045f5f3c98f8b7ba6bb43aadb867462d",
      "from": "git+https://github.com/marchuanv/component.request.deferred.git",
      "requires": {
        "component.request": "git+https://github.com/marchuanv/component.request.git",
        "logging": "git+https://github.com/marchuanv/logging.git"
      }
    },
    "logging": {
      "version": "git+https://github.com/marchuanv/logging.git#6b221ba1a75da76f61844f47922310aa195ffb41",
      "from": "git+https://github.com/marchuanv/logging.git",
      "requires": {
        "utils": "git+https://github.com/marchuanv/utils.git"
      }
    },
    "utils": {
      "version": "git+https://github.com/marchuanv/utils.git#f4aadb3f78b941297cba9d3de765019e6d5426f2",
      "from": "git+https://github.com/marchuanv/utils.git"
    }
  }
}
